
Microsoft Visual Studio Solution File, Format Version 12.00
# Visual Studio Version 17
VisualStudioVersion = 17.6.33723.286
MinimumVisualStudioVersion = 10.0.40219.1
Project("{FAE04EC0-301F-11D3-BF4B-00C04F79EFBC}") = "DeliaNahuelPrimerParcial(Tema2)", "DeliaNahuelPrimerParcial(Tema2)\DeliaNahuelPrimerParcial(Tema2).csproj", "{3925909F-90F5-48EE-ACE4-DE4010C8E624}"
EndProject
Global
	GlobalSection(SolutionConfigurationPlatforms) = preSolution
		Debug|Any CPU = Debug|Any CPU
		Release|Any CPU = Release|Any CPU
	EndGlobalSection
	GlobalSection(ProjectConfigurationPlatforms) = postSolution
		{3925909F-90F5-48EE-ACE4-DE4010C8E624}.Debug|Any CPU.ActiveCfg = Debug|Any CPU
		{3925909F-90F5-48EE-ACE4-DE4010C8E624}.Debug|Any CPU.Build.0 = Debug|Any CPU
		{3925909F-90F5-48EE-ACE4-DE4010C8E624}.Release|Any CPU.ActiveCfg = Release|Any CPU
		{3925909F-90F5-48EE-ACE4-DE4010C8E624}.Release|Any CPU.Build.0 = Release|Any CPU
	EndGlobalSection
	GlobalSection(SolutionProperties) = preSolution
		HideSolutionNode = FALSE
	EndGlobalSection
	GlobalSection(ExtensibilityGlobals) = postSolution
		SolutionGuid = {A7073C72-F096-4DB5-913C-BA18988C6E46}
	EndGlobalSection
EndGlobal
